// !$*UTF8*$!
{
	archiveVersion = 1;
	classes = {
	};
	objectVersion = 45;
	objects = {

/* Begin PBXAggregateTarget section */
		D57553A11082D85C008B2348 /* Build for Sno */ = {
			isa = PBXAggregateTarget;
			buildConfigurationList = D57553B51082D8C2008B2348 /* Build configuration list for PBXAggregateTarget "Build for Sno" */;
			buildPhases = (
			);
			dependencies = (
				D57553FA1082DA38008B2348 /* PBXTargetDependency */,
				D57553DE1082DA18008B2348 /* PBXTargetDependency */,
				D57553A61082D863008B2348 /* PBXTargetDependency */,
				D57553A81082D86A008B2348 /* PBXTargetDependency */,
				D57553AA1082D86C008B2348 /* PBXTargetDependency */,
			);
			name = "Build for Sno";
			productName = "Build for Sno";
		};
		D5E003C5073299CB00594182 /* Build for Leo */ = {
			isa = PBXAggregateTarget;
			buildConfigurationList = D50F206B08A01A630073A261 /* Build configuration list for PBXAggregateTarget "Build for Leo" */;
			buildPhases = (
			);
			dependencies = (
				D5E003C7073299E100594182 /* PBXTargetDependency */,
				D5E003C9073299E100594182 /* PBXTargetDependency */,
				D5E003CB073299E100594182 /* PBXTargetDependency */,
				D5EA8B39074E3D1E00AE807E /* PBXTargetDependency */,
			);
			name = "Build for Leo";
			productName = "Build All";
		};
/* End PBXAggregateTarget section */

/* Begin PBXBuildFile section */
		8D1AC96D0486D14A00FE50C9 /* RBSplitViewPlugin.m in Sources */ = {isa = PBXBuildFile; fileRef = 0259C578FE90428111CA0C5A /* RBSplitViewPlugin.m */; settings = {ATTRIBUTES = (); }; };
		D51189BF108E8C910074C31C /* RBSplitSubviewInspector.xib in Resources */ = {isa = PBXBuildFile; fileRef = D51189B5108E8C910074C31C /* RBSplitSubviewInspector.xib */; };
		D51189C0108E8C910074C31C /* RBSplitSubviewSizeInspector.xib in Resources */ = {isa = PBXBuildFile; fileRef = D51189B7108E8C910074C31C /* RBSplitSubviewSizeInspector.xib */; };
		D51189C1108E8C910074C31C /* RBSplitViewInspector.xib in Resources */ = {isa = PBXBuildFile; fileRef = D51189B9108E8C910074C31C /* RBSplitViewInspector.xib */; };
		D51189C2108E8C910074C31C /* RBSplitViewPlugin.xib in Resources */ = {isa = PBXBuildFile; fileRef = D51189BB108E8C910074C31C /* RBSplitViewPlugin.xib */; };
		D51189C3108E8C910074C31C /* RBSplitViewPreferences.xib in Resources */ = {isa = PBXBuildFile; fileRef = D51189BD108E8C910074C31C /* RBSplitViewPreferences.xib */; };
		D51189C4108E8C910074C31C /* RBSplitSubviewInspector.xib in Resources */ = {isa = PBXBuildFile; fileRef = D51189B5108E8C910074C31C /* RBSplitSubviewInspector.xib */; };
		D51189C5108E8C910074C31C /* RBSplitSubviewSizeInspector.xib in Resources */ = {isa = PBXBuildFile; fileRef = D51189B7108E8C910074C31C /* RBSplitSubviewSizeInspector.xib */; };
		D51189C6108E8C910074C31C /* RBSplitViewInspector.xib in Resources */ = {isa = PBXBuildFile; fileRef = D51189B9108E8C910074C31C /* RBSplitViewInspector.xib */; };
		D51189C7108E8C910074C31C /* RBSplitViewPlugin.xib in Resources */ = {isa = PBXBuildFile; fileRef = D51189BB108E8C910074C31C /* RBSplitViewPlugin.xib */; };
		D51189C8108E8C910074C31C /* RBSplitViewPreferences.xib in Resources */ = {isa = PBXBuildFile; fileRef = D51189BD108E8C910074C31C /* RBSplitViewPreferences.xib */; };
		D5118C2D109297A00074C31C /* RBSplitView.png in Resources */ = {isa = PBXBuildFile; fileRef = D5118C2C109297A00074C31C /* RBSplitView.png */; };
		D5118C2E109297A00074C31C /* RBSplitView.png in Resources */ = {isa = PBXBuildFile; fileRef = D5118C2C109297A00074C31C /* RBSplitView.png */; };
		D5118C711092E08F0074C31C /* RBSplitView(Leo).framework in CopyFiles */ = {isa = PBXBuildFile; fileRef = D5E002A107328E1100594182 /* RBSplitView(Leo).framework */; };
		D5118C731092E0B70074C31C /* RBSplitView(Leo).framework in Frameworks */ = {isa = PBXBuildFile; fileRef = D5E002A107328E1100594182 /* RBSplitView(Leo).framework */; };
		D5118C831092E1B50074C31C /* SampleApp.nib in Resources */ = {isa = PBXBuildFile; fileRef = D5118C811092E1B50074C31C /* SampleApp.nib */; };
		D5118C841092E1B50074C31C /* SampleApp.nib in Resources */ = {isa = PBXBuildFile; fileRef = D5118C811092E1B50074C31C /* SampleApp.nib */; };
		D5118C851092E1B50074C31C /* SampleApp.nib in Resources */ = {isa = PBXBuildFile; fileRef = D5118C811092E1B50074C31C /* SampleApp.nib */; };
		D5118C861092E1B50074C31C /* SampleApp.nib in Resources */ = {isa = PBXBuildFile; fileRef = D5118C811092E1B50074C31C /* SampleApp.nib */; };
		D51D05F507FF2A55001EE379 /* RBSplitSubview.classdescription in Resources */ = {isa = PBXBuildFile; fileRef = D51D05F407FF2A55001EE379 /* RBSplitSubview.classdescription */; };
		D51D05FC07FF2B2E001EE379 /* RBSplitView.classdescription in Resources */ = {isa = PBXBuildFile; fileRef = D51D05FB07FF2B2E001EE379 /* RBSplitView.classdescription */; };
		D52683970B61A29A009B7E9D /* RBSplitViewPlugin.icns in Resources */ = {isa = PBXBuildFile; fileRef = D52683960B61A29A009B7E9D /* RBSplitViewPlugin.icns */; };
		D53539A6072D6E5500C2C058 /* Thumb8.png in Resources */ = {isa = PBXBuildFile; fileRef = D53539A4072D6E5500C2C058 /* Thumb8.png */; };
		D57552741081C6F1008B2348 /* RBSplitSubview.m in Sources */ = {isa = PBXBuildFile; fileRef = D5EA8B87074E9C5500AE807E /* RBSplitSubview.m */; };
		D57552751081C6F2008B2348 /* RBSplitView.m in Sources */ = {isa = PBXBuildFile; fileRef = 0259C576FE90428111CA0C5A /* RBSplitView.m */; };
		D57552AC1081CBA4008B2348 /* Cocoa.framework in Frameworks */ = {isa = PBXBuildFile; fileRef = DD92D38A0106425D02CA0E72 /* Cocoa.framework */; };
		D57552AD1081CBD5008B2348 /* libRBSplitView(Sno).a in Frameworks */ = {isa = PBXBuildFile; fileRef = D575526B1081C668008B2348 /* libRBSplitView(Sno).a */; };
		D57552B21081CC03008B2348 /* main.m in Sources */ = {isa = PBXBuildFile; fileRef = D5EA8A2F074CF6DE00AE807E /* main.m */; };
		D57552B31081CC04008B2348 /* Drag.png in Resources */ = {isa = PBXBuildFile; fileRef = D5AB90AD081330A100734816 /* Drag.png */; };
		D57552CD1081D325008B2348 /* Drag.png in Resources */ = {isa = PBXBuildFile; fileRef = D5AB90AD081330A100734816 /* Drag.png */; };
		D57552CF1081D325008B2348 /* main.m in Sources */ = {isa = PBXBuildFile; fileRef = D5EA8A2F074CF6DE00AE807E /* main.m */; };
		D57552D11081D325008B2348 /* Cocoa.framework in Frameworks */ = {isa = PBXBuildFile; fileRef = DD92D38A0106425D02CA0E72 /* Cocoa.framework */; };
		D57552D21081D325008B2348 /* libRBSplitView(Sno).a in Frameworks */ = {isa = PBXBuildFile; fileRef = D575526B1081C668008B2348 /* libRBSplitView(Sno).a */; };
		D57553771082D51B008B2348 /* RBSplitSubview.m in Sources */ = {isa = PBXBuildFile; fileRef = D5EA8B87074E9C5500AE807E /* RBSplitSubview.m */; };
		D57553781082D51D008B2348 /* RBSplitView.m in Sources */ = {isa = PBXBuildFile; fileRef = 0259C576FE90428111CA0C5A /* RBSplitView.m */; };
		D575538E1082D7BC008B2348 /* Drag.png in Resources */ = {isa = PBXBuildFile; fileRef = D5AB90AD081330A100734816 /* Drag.png */; };
		D57553901082D7BC008B2348 /* main.m in Sources */ = {isa = PBXBuildFile; fileRef = D5EA8A2F074CF6DE00AE807E /* main.m */; };
		D57553921082D7BC008B2348 /* libRBSplitView(Leo).a in Frameworks */ = {isa = PBXBuildFile; fileRef = D5E003B9073298FC00594182 /* libRBSplitView(Leo).a */; };
		D57553931082D7BC008B2348 /* Cocoa.framework in Frameworks */ = {isa = PBXBuildFile; fileRef = DD92D38A0106425D02CA0E72 /* Cocoa.framework */; };
		D57553C01082D995008B2348 /* InterfaceBuilderKit.framework in Frameworks */ = {isa = PBXBuildFile; fileRef = D57553BF1082D995008B2348 /* InterfaceBuilderKit.framework */; };
		D57553D21082D9DA008B2348 /* RBSplitSubview.m in Sources */ = {isa = PBXBuildFile; fileRef = D5EA8B87074E9C5500AE807E /* RBSplitSubview.m */; };
		D57553D31082D9DA008B2348 /* RBSplitView.m in Sources */ = {isa = PBXBuildFile; fileRef = 0259C576FE90428111CA0C5A /* RBSplitView.m */; };
		D57553D51082D9DA008B2348 /* Cocoa.framework in Frameworks */ = {isa = PBXBuildFile; fileRef = DD92D38A0106425D02CA0E72 /* Cocoa.framework */; };
		D57553E81082DA31008B2348 /* Thumb8.png in Resources */ = {isa = PBXBuildFile; fileRef = D53539A4072D6E5500C2C058 /* Thumb8.png */; };
		D57553E91082DA31008B2348 /* RBSplitSubview.classdescription in Resources */ = {isa = PBXBuildFile; fileRef = D51D05F407FF2A55001EE379 /* RBSplitSubview.classdescription */; };
		D57553EA1082DA31008B2348 /* RBSplitView.classdescription in Resources */ = {isa = PBXBuildFile; fileRef = D51D05FB07FF2B2E001EE379 /* RBSplitView.classdescription */; };
		D57553EB1082DA31008B2348 /* Thumb9.png in Resources */ = {isa = PBXBuildFile; fileRef = D5C962B1082D0B1500D90A28 /* Thumb9.png */; };
		D57553EC1082DA31008B2348 /* RBSplitViewPlugin.icns in Resources */ = {isa = PBXBuildFile; fileRef = D52683960B61A29A009B7E9D /* RBSplitViewPlugin.icns */; };
		D57553EF1082DA31008B2348 /* RBSplitViewPlugin.m in Sources */ = {isa = PBXBuildFile; fileRef = 0259C578FE90428111CA0C5A /* RBSplitViewPlugin.m */; settings = {ATTRIBUTES = (); }; };
		D57553F11082DA31008B2348 /* Cocoa.framework in Frameworks */ = {isa = PBXBuildFile; fileRef = DD92D38A0106425D02CA0E72 /* Cocoa.framework */; };
		D57553F31082DA31008B2348 /* InterfaceBuilderKit.framework in Frameworks */ = {isa = PBXBuildFile; fileRef = D57553BF1082D995008B2348 /* InterfaceBuilderKit.framework */; };
		D57554261082DC90008B2348 /* RBSplitView(Leo).framework in Frameworks */ = {isa = PBXBuildFile; fileRef = D5E002A107328E1100594182 /* RBSplitView(Leo).framework */; };
		D57554D310830F9D008B2348 /* RBSplitView(Sno).framework in Frameworks */ = {isa = PBXBuildFile; fileRef = D57553D91082D9DA008B2348 /* RBSplitView(Sno).framework */; };
		D57554DD10830FD1008B2348 /* RBSplitView(Sno).framework in CopyFiles */ = {isa = PBXBuildFile; fileRef = D57553D91082D9DA008B2348 /* RBSplitView(Sno).framework */; };
		D5AB90AE081330A100734816 /* Drag.png in Resources */ = {isa = PBXBuildFile; fileRef = D5AB90AD081330A100734816 /* Drag.png */; };
		D5C962B2082D0B1500D90A28 /* Thumb9.png in Resources */ = {isa = PBXBuildFile; fileRef = D5C962B1082D0B1500D90A28 /* Thumb9.png */; };
		D5CF416F0AA7273600D5D34B /* Cocoa.framework in Frameworks */ = {isa = PBXBuildFile; fileRef = DD92D38A0106425D02CA0E72 /* Cocoa.framework */; };
		D5CF418D0AA7276E00D5D34B /* Cocoa.framework in Frameworks */ = {isa = PBXBuildFile; fileRef = DD92D38A0106425D02CA0E72 /* Cocoa.framework */; };
		D5E00376073296EA00594182 /* Cocoa.framework in Frameworks */ = {isa = PBXBuildFile; fileRef = DD92D38A0106425D02CA0E72 /* Cocoa.framework */; };
		D5E003BA0732994400594182 /* RBSplitView.m in Sources */ = {isa = PBXBuildFile; fileRef = 0259C576FE90428111CA0C5A /* RBSplitView.m */; };
		D5EA8A30074CF6DE00AE807E /* main.m in Sources */ = {isa = PBXBuildFile; fileRef = D5EA8A2F074CF6DE00AE807E /* main.m */; };
		D5EA8B8D074E9C5500AE807E /* RBSplitSubview.m in Sources */ = {isa = PBXBuildFile; fileRef = D5EA8B87074E9C5500AE807E /* RBSplitSubview.m */; };
		D5EEF732081B242500A04CA7 /* libRBSplitView(Leo).a in Frameworks */ = {isa = PBXBuildFile; fileRef = D5E003B9073298FC00594182 /* libRBSplitView(Leo).a */; };
/* End PBXBuildFile section */

/* Begin PBXContainerItemProxy section */
		D5088C760C5FCB2300D09DE1 /* PBXContainerItemProxy */ = {
			isa = PBXContainerItemProxy;
			containerPortal = 0259C573FE90428111CA0C5A /* Project object */;
			proxyType = 1;
			remoteGlobalIDString = D5E002A007328E1100594182;
			remoteInfo = Framework;
		};
		D57553051081D7DD008B2348 /* PBXContainerItemProxy */ = {
			isa = PBXContainerItemProxy;
			containerPortal = 0259C573FE90428111CA0C5A /* Project object */;
			proxyType = 1;
			remoteGlobalIDString = D575526A1081C668008B2348;
			remoteInfo = "Library(Sno)";
		};
		D57553071081D7E8008B2348 /* PBXContainerItemProxy */ = {
			isa = PBXContainerItemProxy;
			containerPortal = 0259C573FE90428111CA0C5A /* Project object */;
			proxyType = 1;
			remoteGlobalIDString = D575526A1081C668008B2348;
			remoteInfo = "Library(Sno)";
		};
		D575538B1082D7BC008B2348 /* PBXContainerItemProxy */ = {
			isa = PBXContainerItemProxy;
			containerPortal = 0259C573FE90428111CA0C5A /* Project object */;
			proxyType = 1;
			remoteGlobalIDString = D5E003B8073298FC00594182;
			remoteInfo = Library;
		};
		D575539C1082D7C9008B2348 /* PBXContainerItemProxy */ = {
			isa = PBXContainerItemProxy;
			containerPortal = 0259C573FE90428111CA0C5A /* Project object */;
			proxyType = 1;
			remoteGlobalIDString = D57553891082D7BC008B2348;
			remoteInfo = "SampleApp(LeoGC)";
		};
		D57553A51082D863008B2348 /* PBXContainerItemProxy */ = {
			isa = PBXContainerItemProxy;
			containerPortal = 0259C573FE90428111CA0C5A /* Project object */;
			proxyType = 1;
			remoteGlobalIDString = D575526A1081C668008B2348;
			remoteInfo = "Library(Sno)";
		};
		D57553A71082D86A008B2348 /* PBXContainerItemProxy */ = {
			isa = PBXContainerItemProxy;
			containerPortal = 0259C573FE90428111CA0C5A /* Project object */;
			proxyType = 1;
			remoteGlobalIDString = D57552A41081CB10008B2348;
			remoteInfo = "SampleApp(Sno)";
		};
		D57553A91082D86C008B2348 /* PBXContainerItemProxy */ = {
			isa = PBXContainerItemProxy;
			containerPortal = 0259C573FE90428111CA0C5A /* Project object */;
			proxyType = 1;
			remoteGlobalIDString = D57552CA1081D325008B2348;
			remoteInfo = "SampleApp(SnoGC)";
		};
		D57553DD1082DA18008B2348 /* PBXContainerItemProxy */ = {
			isa = PBXContainerItemProxy;
			containerPortal = 0259C573FE90428111CA0C5A /* Project object */;
			proxyType = 1;
			remoteGlobalIDString = D57553CE1082D9DA008B2348;
			remoteInfo = "Framework(Sno)";
		};
		D57553F91082DA38008B2348 /* PBXContainerItemProxy */ = {
			isa = PBXContainerItemProxy;
			containerPortal = 0259C573FE90428111CA0C5A /* Project object */;
			proxyType = 1;
			remoteGlobalIDString = D57553E21082DA31008B2348;
			remoteInfo = "IBPlugin(Leo) copy";
		};
		D57554D610830FB3008B2348 /* PBXContainerItemProxy */ = {
			isa = PBXContainerItemProxy;
			containerPortal = 0259C573FE90428111CA0C5A /* Project object */;
			proxyType = 1;
			remoteGlobalIDString = D57553CE1082D9DA008B2348;
			remoteInfo = "Framework(Sno)";
		};
		D5E003C6073299E100594182 /* PBXContainerItemProxy */ = {
			isa = PBXContainerItemProxy;
			containerPortal = 0259C573FE90428111CA0C5A /* Project object */;
			proxyType = 1;
			remoteGlobalIDString = 8D1AC9600486D14A00FE50C9;
			remoteInfo = Palette;
		};
		D5E003C8073299E100594182 /* PBXContainerItemProxy */ = {
			isa = PBXContainerItemProxy;
			containerPortal = 0259C573FE90428111CA0C5A /* Project object */;
			proxyType = 1;
			remoteGlobalIDString = D5E002A007328E1100594182;
			remoteInfo = Framework;
		};
		D5E003CA073299E100594182 /* PBXContainerItemProxy */ = {
			isa = PBXContainerItemProxy;
			containerPortal = 0259C573FE90428111CA0C5A /* Project object */;
			proxyType = 1;
			remoteGlobalIDString = D5E003B8073298FC00594182;
			remoteInfo = Library;
		};
		D5EA8B38074E3D1E00AE807E /* PBXContainerItemProxy */ = {
			isa = PBXContainerItemProxy;
			containerPortal = 0259C573FE90428111CA0C5A /* Project object */;
			proxyType = 1;
			remoteGlobalIDString = D5EA8A08074CF5AB00AE807E;
			remoteInfo = SampleApp;
		};
		D5EEF73A081B248100A04CA7 /* PBXContainerItemProxy */ = {
			isa = PBXContainerItemProxy;
			containerPortal = 0259C573FE90428111CA0C5A /* Project object */;
			proxyType = 1;
			remoteGlobalIDString = D5E003B8073298FC00594182;
			remoteInfo = Library;
		};
/* End PBXContainerItemProxy section */

/* Begin PBXCopyFilesBuildPhase section */
		D5118C741092E0D50074C31C /* CopyFiles */ = {
			isa = PBXCopyFilesBuildPhase;
			buildActionMask = 2147483647;
			dstPath = "";
			dstSubfolderSpec = 10;
			files = (
				D5118C711092E08F0074C31C /* RBSplitView(Leo).framework in CopyFiles */,
			);
			runOnlyForDeploymentPostprocessing = 0;
		};
		D57553941082D7BC008B2348 /* CopyFiles */ = {
			isa = PBXCopyFilesBuildPhase;
			buildActionMask = 2147483647;
			dstPath = "";
			dstSubfolderSpec = 10;
			files = (
			);
			runOnlyForDeploymentPostprocessing = 0;
		};
		D57554E110830FDB008B2348 /* CopyFiles */ = {
			isa = PBXCopyFilesBuildPhase;
			buildActionMask = 2147483647;
			dstPath = "";
			dstSubfolderSpec = 10;
			files = (
				D57554DD10830FD1008B2348 /* RBSplitView(Sno).framework in CopyFiles */,
			);
			runOnlyForDeploymentPostprocessing = 0;
		};
		D5EA8A6F074D0CAE00AE807E /* CopyFiles */ = {
			isa = PBXCopyFilesBuildPhase;
			buildActionMask = 2147483647;
			dstPath = "";
			dstSubfolderSpec = 10;
			files = (
			);
			runOnlyForDeploymentPostprocessing = 0;
		};
/* End PBXCopyFilesBuildPhase section */

/* Begin PBXFileReference section */
		0259C576FE90428111CA0C5A /* RBSplitView.m */ = {isa = PBXFileReference; fileEncoding = 30; lastKnownFileType = sourcecode.c.objc; name = RBSplitView.m; path = Source/RBSplitView.m; sourceTree = "<group>"; };
		0259C578FE90428111CA0C5A /* RBSplitViewPlugin.m */ = {isa = PBXFileReference; fileEncoding = 30; lastKnownFileType = sourcecode.c.objc; name = RBSplitViewPlugin.m; path = Plugin/RBSplitViewPlugin.m; sourceTree = "<group>"; };
		0259C57AFE90428111CA0C5A /* RBSplitView.h */ = {isa = PBXFileReference; fileEncoding = 30; lastKnownFileType = sourcecode.c.h; name = RBSplitView.h; path = Source/RBSplitView.h; sourceTree = "<group>"; };
		0259C57CFE90428111CA0C5A /* RBSplitViewPlugin.h */ = {isa = PBXFileReference; fileEncoding = 30; lastKnownFileType = sourcecode.c.h; name = RBSplitViewPlugin.h; path = Plugin/RBSplitViewPlugin.h; sourceTree = "<group>"; };
		8D1AC9730486D14A00FE50C9 /* Plugin-Info.plist */ = {isa = PBXFileReference; fileEncoding = 4; lastKnownFileType = text.plist.xml; name = "Plugin-Info.plist"; path = "Plugin/Plugin-Info.plist"; sourceTree = "<group>"; };
		8D1AC9740486D14A00FE50C9 /* RBSplitView(Leo).ibplugin */ = {isa = PBXFileReference; explicitFileType = wrapper.cfbundle; includeInIndex = 0; path = "RBSplitView(Leo).ibplugin"; sourceTree = BUILT_PRODUCTS_DIR; };
		D500FD5608170D550085E138 /* Programming Topics.rtfd */ = {isa = PBXFileReference; lastKnownFileType = wrapper.rtfd; name = "Programming Topics.rtfd"; path = "Documentation/Programming Topics.rtfd"; sourceTree = "<group>"; };
		D508879A0AA1D2A100F4ECB3 /* RB.xcconfig */ = {isa = PBXFileReference; fileEncoding = 4; lastKnownFileType = text.xcconfig; path = RB.xcconfig; sourceTree = "<group>"; };
		D51189B6108E8C910074C31C /* English */ = {isa = PBXFileReference; lastKnownFileType = file.xib; name = English; path = Plugin/English.lproj/RBSplitSubviewInspector.xib; sourceTree = "<group>"; };
		D51189B8108E8C910074C31C /* English */ = {isa = PBXFileReference; lastKnownFileType = file.xib; name = English; path = Plugin/English.lproj/RBSplitSubviewSizeInspector.xib; sourceTree = "<group>"; };
		D51189BA108E8C910074C31C /* English */ = {isa = PBXFileReference; lastKnownFileType = file.xib; name = English; path = Plugin/English.lproj/RBSplitViewInspector.xib; sourceTree = "<group>"; };
		D51189BC108E8C910074C31C /* English */ = {isa = PBXFileReference; lastKnownFileType = file.xib; name = English; path = Plugin/English.lproj/RBSplitViewPlugin.xib; sourceTree = "<group>"; };
		D51189BE108E8C910074C31C /* English */ = {isa = PBXFileReference; lastKnownFileType = file.xib; name = English; path = Plugin/English.lproj/RBSplitViewPreferences.xib; sourceTree = "<group>"; };
		D5118A9210900BD70074C31C /* main.h */ = {isa = PBXFileReference; fileEncoding = 4; lastKnownFileType = sourcecode.c.h; path = main.h; sourceTree = "<group>"; };
		D5118C2C109297A00074C31C /* RBSplitView.png */ = {isa = PBXFileReference; lastKnownFileType = image.png; name = RBSplitView.png; path = Plugin/RBSplitView.png; sourceTree = "<group>"; };
		D5118C821092E1B50074C31C /* English */ = {isa = PBXFileReference; lastKnownFileType = wrapper.nib; name = English; path = "Sample App/English.lproj/SampleApp.nib"; sourceTree = "<group>"; };
		D51D05F407FF2A55001EE379 /* RBSplitSubview.classdescription */ = {isa = PBXFileReference; fileEncoding = 30; lastKnownFileType = text.plist.ibClassDescription; name = RBSplitSubview.classdescription; path = Plugin/RBSplitSubview.classdescription; sourceTree = "<group>"; };
		D51D05FB07FF2B2E001EE379 /* RBSplitView.classdescription */ = {isa = PBXFileReference; fileEncoding = 30; lastKnownFileType = text.plist.ibClassDescription; name = RBSplitView.classdescription; path = Plugin/RBSplitView.classdescription; sourceTree = "<group>"; };
		D52683960B61A29A009B7E9D /* RBSplitViewPlugin.icns */ = {isa = PBXFileReference; lastKnownFileType = image.icns; name = RBSplitViewPlugin.icns; path = Plugin/RBSplitViewPlugin.icns; sourceTree = "<group>"; };
		D53539A4072D6E5500C2C058 /* Thumb8.png */ = {isa = PBXFileReference; lastKnownFileType = image.png; name = Thumb8.png; path = Plugin/Thumb8.png; sourceTree = "<group>"; };
		D54EA730074FC529001EDAAC /* RBSplitSubview.rtf */ = {isa = PBXFileReference; lastKnownFileType = text.rtf; name = RBSplitSubview.rtf; path = Documentation/RBSplitSubview.rtf; sourceTree = "<group>"; };
		D54EA85F0750E978001EDAAC /* RBSplitView.rtf */ = {isa = PBXFileReference; lastKnownFileType = text.rtf; name = RBSplitView.rtf; path = Documentation/RBSplitView.rtf; sourceTree = "<group>"; };
		D575526B1081C668008B2348 /* libRBSplitView(Sno).a */ = {isa = PBXFileReference; explicitFileType = archive.ar; includeInIndex = 0; path = "libRBSplitView(Sno).a"; sourceTree = BUILT_PRODUCTS_DIR; };
		D57552A51081CB10008B2348 /* SampleApp(Sno).app */ = {isa = PBXFileReference; explicitFileType = wrapper.application; includeInIndex = 0; path = "SampleApp(Sno).app"; sourceTree = BUILT_PRODUCTS_DIR; };
		D57552D61081D325008B2348 /* SampleApp(SnoGC).app */ = {isa = PBXFileReference; explicitFileType = wrapper.application; includeInIndex = 0; path = "SampleApp(SnoGC).app"; sourceTree = BUILT_PRODUCTS_DIR; };
		D57553981082D7BC008B2348 /* SampleApp(LeoGC).app */ = {isa = PBXFileReference; explicitFileType = wrapper.application; includeInIndex = 0; path = "SampleApp(LeoGC).app"; sourceTree = BUILT_PRODUCTS_DIR; };
		D57553BF1082D995008B2348 /* InterfaceBuilderKit.framework */ = {isa = PBXFileReference; lastKnownFileType = wrapper.framework; name = InterfaceBuilderKit.framework; path = Library/Frameworks/InterfaceBuilderKit.framework; sourceTree = DEVELOPER_DIR; };
		D57553D91082D9DA008B2348 /* RBSplitView(Sno).framework */ = {isa = PBXFileReference; explicitFileType = wrapper.framework; includeInIndex = 0; path = "RBSplitView(Sno).framework"; sourceTree = BUILT_PRODUCTS_DIR; };
		D57553F71082DA31008B2348 /* RBSplitView(Sno).ibplugin */ = {isa = PBXFileReference; explicitFileType = wrapper.cfbundle; includeInIndex = 0; path = "RBSplitView(Sno).ibplugin"; sourceTree = BUILT_PRODUCTS_DIR; };
		D5AB90AD081330A100734816 /* Drag.png */ = {isa = PBXFileReference; lastKnownFileType = image.png; name = Drag.png; path = "Sample App/Drag.png"; sourceTree = "<group>"; };
		D5C962B1082D0B1500D90A28 /* Thumb9.png */ = {isa = PBXFileReference; lastKnownFileType = image.png; name = Thumb9.png; path = Plugin/Thumb9.png; sourceTree = "<group>"; };
		D5D769E308290CB1000E7ABB /* Read Me.rtfd */ = {isa = PBXFileReference; lastKnownFileType = wrapper.rtfd; path = "Read Me.rtfd"; sourceTree = "<group>"; };
		D5E002A107328E1100594182 /* RBSplitView(Leo).framework */ = {isa = PBXFileReference; explicitFileType = wrapper.framework; includeInIndex = 0; path = "RBSplitView(Leo).framework"; sourceTree = BUILT_PRODUCTS_DIR; };
		D5E002A207328E1100594182 /* Framework-Info.plist */ = {isa = PBXFileReference; lastKnownFileType = text.plist.xml; name = "Framework-Info.plist"; path = "Source/Framework-Info.plist"; sourceTree = "<group>"; };
		D5E003B9073298FC00594182 /* libRBSplitView(Leo).a */ = {isa = PBXFileReference; explicitFileType = archive.ar; includeInIndex = 0; path = "libRBSplitView(Leo).a"; sourceTree = BUILT_PRODUCTS_DIR; };
		D5EA8A09074CF5AB00AE807E /* SampleApp(Leo).app */ = {isa = PBXFileReference; explicitFileType = wrapper.application; includeInIndex = 0; path = "SampleApp(Leo).app"; sourceTree = BUILT_PRODUCTS_DIR; };
		D5EA8A0B074CF5AB00AE807E /* SampleApp-Info.plist */ = {isa = PBXFileReference; lastKnownFileType = text.plist.xml; name = "SampleApp-Info.plist"; path = "Sample App/SampleApp-Info.plist"; sourceTree = "<group>"; };
		D5EA8A2F074CF6DE00AE807E /* main.m */ = {isa = PBXFileReference; fileEncoding = 30; lastKnownFileType = sourcecode.c.objc; name = main.m; path = "Sample App/main.m"; sourceTree = "<group>"; };
		D5EA8B86074E9C5500AE807E /* RBSplitSubview.h */ = {isa = PBXFileReference; fileEncoding = 4; lastKnownFileType = sourcecode.c.h; name = RBSplitSubview.h; path = Source/RBSplitSubview.h; sourceTree = "<group>"; };
		D5EA8B87074E9C5500AE807E /* RBSplitSubview.m */ = {isa = PBXFileReference; fileEncoding = 4; lastKnownFileType = sourcecode.c.objc; name = RBSplitSubview.m; path = Source/RBSplitSubview.m; sourceTree = "<group>"; };
		D5EA8B94074E9DA100AE807E /* RBSplitViewPrivateDefines.h */ = {isa = PBXFileReference; fileEncoding = 4; lastKnownFileType = sourcecode.c.h; name = RBSplitViewPrivateDefines.h; path = Source/RBSplitViewPrivateDefines.h; sourceTree = "<group>"; };
		DD92D38A0106425D02CA0E72 /* Cocoa.framework */ = {isa = PBXFileReference; lastKnownFileType = wrapper.framework; name = Cocoa.framework; path = System/Library/Frameworks/Cocoa.framework; sourceTree = SDKROOT; };
/* End PBXFileReference section */

/* Begin PBXFrameworksBuildPhase section */
		8D1AC96E0486D14A00FE50C9 /* Frameworks */ = {
			isa = PBXFrameworksBuildPhase;
			buildActionMask = 2147483647;
			files = (
				D5CF418D0AA7276E00D5D34B /* Cocoa.framework in Frameworks */,
				D57553C01082D995008B2348 /* InterfaceBuilderKit.framework in Frameworks */,
				D57554261082DC90008B2348 /* RBSplitView(Leo).framework in Frameworks */,
				D5118C731092E0B70074C31C /* RBSplitView(Leo).framework in Frameworks */,
			);
			runOnlyForDeploymentPostprocessing = 0;
		};
		D57552691081C668008B2348 /* Frameworks */ = {
			isa = PBXFrameworksBuildPhase;
			buildActionMask = 2147483647;
			files = (
			);
			runOnlyForDeploymentPostprocessing = 0;
		};
		D57552A31081CB10008B2348 /* Frameworks */ = {
			isa = PBXFrameworksBuildPhase;
			buildActionMask = 2147483647;
			files = (
				D57552AC1081CBA4008B2348 /* Cocoa.framework in Frameworks */,
				D57552AD1081CBD5008B2348 /* libRBSplitView(Sno).a in Frameworks */,
			);
			runOnlyForDeploymentPostprocessing = 0;
		};
		D57552D01081D325008B2348 /* Frameworks */ = {
			isa = PBXFrameworksBuildPhase;
			buildActionMask = 2147483647;
			files = (
				D57552D11081D325008B2348 /* Cocoa.framework in Frameworks */,
				D57552D21081D325008B2348 /* libRBSplitView(Sno).a in Frameworks */,
			);
			runOnlyForDeploymentPostprocessing = 0;
		};
		D57553911082D7BC008B2348 /* Frameworks */ = {
			isa = PBXFrameworksBuildPhase;
			buildActionMask = 2147483647;
			files = (
				D57553921082D7BC008B2348 /* libRBSplitView(Leo).a in Frameworks */,
				D57553931082D7BC008B2348 /* Cocoa.framework in Frameworks */,
			);
			runOnlyForDeploymentPostprocessing = 0;
		};
		D57553D41082D9DA008B2348 /* Frameworks */ = {
			isa = PBXFrameworksBuildPhase;
			buildActionMask = 2147483647;
			files = (
				D57553D51082D9DA008B2348 /* Cocoa.framework in Frameworks */,
			);
			runOnlyForDeploymentPostprocessing = 0;
		};
		D57553F01082DA31008B2348 /* Frameworks */ = {
			isa = PBXFrameworksBuildPhase;
			buildActionMask = 2147483647;
			files = (
				D57553F11082DA31008B2348 /* Cocoa.framework in Frameworks */,
				D57553F31082DA31008B2348 /* InterfaceBuilderKit.framework in Frameworks */,
				D57554D310830F9D008B2348 /* RBSplitView(Sno).framework in Frameworks */,
			);
			runOnlyForDeploymentPostprocessing = 0;
		};
		D5E0029F07328E1100594182 /* Frameworks */ = {
			isa = PBXFrameworksBuildPhase;
			buildActionMask = 2147483647;
			files = (
				D5E00376073296EA00594182 /* Cocoa.framework in Frameworks */,
			);
			runOnlyForDeploymentPostprocessing = 0;
		};
		D5E003B7073298FC00594182 /* Frameworks */ = {
			isa = PBXFrameworksBuildPhase;
			buildActionMask = 2147483647;
			files = (
			);
			runOnlyForDeploymentPostprocessing = 0;
		};
		D5EA8A07074CF5AB00AE807E /* Frameworks */ = {
			isa = PBXFrameworksBuildPhase;
			buildActionMask = 2147483647;
			files = (
				D5EEF732081B242500A04CA7 /* libRBSplitView(Leo).a in Frameworks */,
				D5CF416F0AA7273600D5D34B /* Cocoa.framework in Frameworks */,
			);
			runOnlyForDeploymentPostprocessing = 0;
		};
/* End PBXFrameworksBuildPhase section */

/* Begin PBXGroup section */
		0259C574FE90428111CA0C5A /* RBSplitView */ = {
			isa = PBXGroup;
			children = (
				D508879A0AA1D2A100F4ECB3 /* RB.xcconfig */,
				D5D769E308290CB1000E7ABB /* Read Me.rtfd */,
				D54EA7F407504E35001EDAAC /* Documentation */,
				32DBCF9E0370C38000C91783 /* Source */,
				32DBCF9F0370C38200C91783 /* Other Files */,
				D54EA7EE07504D93001EDAAC /* IBPlugin */,
				D54EA7F107504DCF001EDAAC /* Sample App */,
				1ED78706FE9D4A0611CA0C5A /* Products */,
				2E58F364FFB232C311CA0CBA /* Frameworks */,
			);
			name = RBSplitView;
			sourceTree = "<group>";
		};
		1ED78706FE9D4A0611CA0C5A /* Products */ = {
			isa = PBXGroup;
			children = (
				D5E002A107328E1100594182 /* RBSplitView(Leo).framework */,
				8D1AC9740486D14A00FE50C9 /* RBSplitView(Leo).ibplugin */,
				D5E003B9073298FC00594182 /* libRBSplitView(Leo).a */,
				D5EA8A09074CF5AB00AE807E /* SampleApp(Leo).app */,
				D57553981082D7BC008B2348 /* SampleApp(LeoGC).app */,
				D575526B1081C668008B2348 /* libRBSplitView(Sno).a */,
				D57552A51081CB10008B2348 /* SampleApp(Sno).app */,
				D57552D61081D325008B2348 /* SampleApp(SnoGC).app */,
				D57553D91082D9DA008B2348 /* RBSplitView(Sno).framework */,
				D57553F71082DA31008B2348 /* RBSplitView(Sno).ibplugin */,
			);
			name = Products;
			sourceTree = "<group>";
		};
		2E58F364FFB232C311CA0CBA /* Frameworks */ = {
			isa = PBXGroup;
			children = (
				DD92D38A0106425D02CA0E72 /* Cocoa.framework */,
				D57553BF1082D995008B2348 /* InterfaceBuilderKit.framework */,
			);
			name = Frameworks;
			sourceTree = "<group>";
		};
		32DBCF9E0370C38000C91783 /* Source */ = {
			isa = PBXGroup;
			children = (
				D5EA8B86074E9C5500AE807E /* RBSplitSubview.h */,
				D5EA8B87074E9C5500AE807E /* RBSplitSubview.m */,
				0259C57AFE90428111CA0C5A /* RBSplitView.h */,
				0259C576FE90428111CA0C5A /* RBSplitView.m */,
				D5EA8B94074E9DA100AE807E /* RBSplitViewPrivateDefines.h */,
			);
			name = Source;
			sourceTree = "<group>";
		};
		32DBCF9F0370C38200C91783 /* Other Files */ = {
			isa = PBXGroup;
			children = (
				D5E002A207328E1100594182 /* Framework-Info.plist */,
			);
			name = "Other Files";
			sourceTree = "<group>";
		};
		D54EA7EE07504D93001EDAAC /* IBPlugin */ = {
			isa = PBXGroup;
			children = (
				8D1AC9730486D14A00FE50C9 /* Plugin-Info.plist */,
				D51D05F407FF2A55001EE379 /* RBSplitSubview.classdescription */,
				D51D05FB07FF2B2E001EE379 /* RBSplitView.classdescription */,
				0259C57CFE90428111CA0C5A /* RBSplitViewPlugin.h */,
				0259C578FE90428111CA0C5A /* RBSplitViewPlugin.m */,
				D51189B5108E8C910074C31C /* RBSplitSubviewInspector.xib */,
				D51189B7108E8C910074C31C /* RBSplitSubviewSizeInspector.xib */,
				D51189B9108E8C910074C31C /* RBSplitViewInspector.xib */,
				D51189BB108E8C910074C31C /* RBSplitViewPlugin.xib */,
				D51189BD108E8C910074C31C /* RBSplitViewPreferences.xib */,
				D5118C2C109297A00074C31C /* RBSplitView.png */,
				D52683960B61A29A009B7E9D /* RBSplitViewPlugin.icns */,
				D53539A4072D6E5500C2C058 /* Thumb8.png */,
				D5C962B1082D0B1500D90A28 /* Thumb9.png */,
			);
			name = IBPlugin;
			sourceTree = "<group>";
		};
		D54EA7F107504DCF001EDAAC /* Sample App */ = {
			isa = PBXGroup;
			children = (
				D5AB90AD081330A100734816 /* Drag.png */,
				D5118A9210900BD70074C31C /* main.h */,
				D5EA8A2F074CF6DE00AE807E /* main.m */,
				D5EA8A0B074CF5AB00AE807E /* SampleApp-Info.plist */,
				D5118C811092E1B50074C31C /* SampleApp.nib */,
			);
			name = "Sample App";
			sourceTree = "<group>";
		};
		D54EA7F407504E35001EDAAC /* Documentation */ = {
			isa = PBXGroup;
			children = (
				D500FD5608170D550085E138 /* Programming Topics.rtfd */,
				D54EA730074FC529001EDAAC /* RBSplitSubview.rtf */,
				D54EA85F0750E978001EDAAC /* RBSplitView.rtf */,
			);
			name = Documentation;
			sourceTree = "<group>";
		};
/* End PBXGroup section */

/* Begin PBXHeadersBuildPhase section */
		D57552671081C668008B2348 /* Headers */ = {
			isa = PBXHeadersBuildPhase;
			buildActionMask = 2147483647;
			files = (
			);
			runOnlyForDeploymentPostprocessing = 0;
		};
		D57553CF1082D9DA008B2348 /* Headers */ = {
			isa = PBXHeadersBuildPhase;
			buildActionMask = 2147483647;
			files = (
			);
			runOnlyForDeploymentPostprocessing = 0;
		};
		D5E0029C07328E1100594182 /* Headers */ = {
			isa = PBXHeadersBuildPhase;
			buildActionMask = 2147483647;
			files = (
			);
			runOnlyForDeploymentPostprocessing = 0;
		};
		D5E003B5073298FC00594182 /* Headers */ = {
			isa = PBXHeadersBuildPhase;
			buildActionMask = 2147483647;
			files = (
			);
			runOnlyForDeploymentPostprocessing = 0;
		};
/* End PBXHeadersBuildPhase section */

/* Begin PBXNativeTarget section */
		8D1AC9600486D14A00FE50C9 /* IBPlugin(Leo) */ = {
			isa = PBXNativeTarget;
			buildConfigurationList = D50F205F08A01A630073A261 /* Build configuration list for PBXNativeTarget "IBPlugin(Leo)" */;
			buildPhases = (
				8D1AC9660486D14A00FE50C9 /* Resources */,
				D5118C741092E0D50074C31C /* CopyFiles */,
				8D1AC96A0486D14A00FE50C9 /* Sources */,
				8D1AC96E0486D14A00FE50C9 /* Frameworks */,
			);
			buildRules = (
			);
			dependencies = (
				D5088C770C5FCB2300D09DE1 /* PBXTargetDependency */,
			);
			name = "IBPlugin(Leo)";
			productInstallPath = "$(HOME)/Developer/Palettes";
			productName = RBSplitView;
			productReference = 8D1AC9740486D14A00FE50C9 /* RBSplitView(Leo).ibplugin */;
			productType = "com.apple.product-type.bundle";
		};
		D575526A1081C668008B2348 /* Library(Sno) */ = {
			isa = PBXNativeTarget;
			buildConfigurationList = D575527A1081C711008B2348 /* Build configuration list for PBXNativeTarget "Library(Sno)" */;
			buildPhases = (
				D57552671081C668008B2348 /* Headers */,
				D57552681081C668008B2348 /* Sources */,
				D57552691081C668008B2348 /* Frameworks */,
			);
			buildRules = (
			);
			dependencies = (
			);
			name = "Library(Sno)";
			productName = "Library(Sno)";
			productReference = D575526B1081C668008B2348 /* libRBSplitView(Sno).a */;
			productType = "com.apple.product-type.library.static";
		};
		D57552A41081CB10008B2348 /* SampleApp(Sno) */ = {
			isa = PBXNativeTarget;
			buildConfigurationList = D57552AB1081CB11008B2348 /* Build configuration list for PBXNativeTarget "SampleApp(Sno)" */;
			buildPhases = (
				D57552A11081CB10008B2348 /* Resources */,
				D57552A21081CB10008B2348 /* Sources */,
				D57552A31081CB10008B2348 /* Frameworks */,
			);
			buildRules = (
			);
			dependencies = (
				D57553061081D7DD008B2348 /* PBXTargetDependency */,
			);
			name = "SampleApp(Sno)";
			productName = "SampleApp(Sno)";
			productReference = D57552A51081CB10008B2348 /* SampleApp(Sno).app */;
			productType = "com.apple.product-type.application";
		};
		D57552CA1081D325008B2348 /* SampleApp(SnoGC) */ = {
			isa = PBXNativeTarget;
			buildConfigurationList = D57552D31081D325008B2348 /* Build configuration list for PBXNativeTarget "SampleApp(SnoGC)" */;
			buildPhases = (
				D57552CB1081D325008B2348 /* Resources */,
				D57552CE1081D325008B2348 /* Sources */,
				D57552D01081D325008B2348 /* Frameworks */,
			);
			buildRules = (
			);
			dependencies = (
				D57553081081D7E8008B2348 /* PBXTargetDependency */,
			);
			name = "SampleApp(SnoGC)";
			productName = "SampleApp(Sno)";
			productReference = D57552D61081D325008B2348 /* SampleApp(SnoGC).app */;
			productType = "com.apple.product-type.application";
		};
		D57553891082D7BC008B2348 /* SampleApp(LeoGC) */ = {
			isa = PBXNativeTarget;
			buildConfigurationList = D57553951082D7BC008B2348 /* Build configuration list for PBXNativeTarget "SampleApp(LeoGC)" */;
			buildPhases = (
				D575538C1082D7BC008B2348 /* Resources */,
				D575538F1082D7BC008B2348 /* Sources */,
				D57553911082D7BC008B2348 /* Frameworks */,
				D57553941082D7BC008B2348 /* CopyFiles */,
			);
			buildRules = (
			);
			dependencies = (
				D575538A1082D7BC008B2348 /* PBXTargetDependency */,
			);
			name = "SampleApp(LeoGC)";
			productName = SampleApp;
			productReference = D57553981082D7BC008B2348 /* SampleApp(LeoGC).app */;
			productType = "com.apple.product-type.application";
		};
		D57553CE1082D9DA008B2348 /* Framework(Sno) */ = {
			isa = PBXNativeTarget;
			buildConfigurationList = D57553D61082D9DA008B2348 /* Build configuration list for PBXNativeTarget "Framework(Sno)" */;
			buildPhases = (
				D57553CF1082D9DA008B2348 /* Headers */,
				D57553D01082D9DA008B2348 /* Resources */,
				D57553D11082D9DA008B2348 /* Sources */,
				D57553D41082D9DA008B2348 /* Frameworks */,
			);
			buildRules = (
			);
			dependencies = (
			);
			name = "Framework(Sno)";
			productName = Framework;
			productReference = D57553D91082D9DA008B2348 /* RBSplitView(Sno).framework */;
			productType = "com.apple.product-type.framework";
		};
		D57553E21082DA31008B2348 /* IBPlugin(Sno) */ = {
			isa = PBXNativeTarget;
			buildConfigurationList = D57553F41082DA31008B2348 /* Build configuration list for PBXNativeTarget "IBPlugin(Sno)" */;
			buildPhases = (
				D57553E51082DA31008B2348 /* Resources */,
				D57554E110830FDB008B2348 /* CopyFiles */,
				D57553EE1082DA31008B2348 /* Sources */,
				D57553F01082DA31008B2348 /* Frameworks */,
			);
			buildRules = (
			);
			dependencies = (
				D57554D710830FB3008B2348 /* PBXTargetDependency */,
			);
			name = "IBPlugin(Sno)";
			productInstallPath = "$(HOME)/Developer/Palettes";
			productName = RBSplitView;
			productReference = D57553F71082DA31008B2348 /* RBSplitView(Sno).ibplugin */;
			productType = "com.apple.product-type.bundle";
		};
		D5E002A007328E1100594182 /* Framework(Leo) */ = {
			isa = PBXNativeTarget;
			buildConfigurationList = D50F206308A01A630073A261 /* Build configuration list for PBXNativeTarget "Framework(Leo)" */;
			buildPhases = (
				D5E0029C07328E1100594182 /* Headers */,
				D5E0029D07328E1100594182 /* Resources */,
				D5E0029E07328E1100594182 /* Sources */,
				D5E0029F07328E1100594182 /* Frameworks */,
			);
			buildRules = (
			);
			dependencies = (
			);
			name = "Framework(Leo)";
			productName = Framework;
			productReference = D5E002A107328E1100594182 /* RBSplitView(Leo).framework */;
			productType = "com.apple.product-type.framework";
		};
		D5E003B8073298FC00594182 /* Library(Leo) */ = {
			isa = PBXNativeTarget;
			buildConfigurationList = D50F205B08A01A630073A261 /* Build configuration list for PBXNativeTarget "Library(Leo)" */;
			buildPhases = (
				D5E003B5073298FC00594182 /* Headers */,
				D5E003B6073298FC00594182 /* Sources */,
				D5E003B7073298FC00594182 /* Frameworks */,
			);
			buildRules = (
			);
			dependencies = (
			);
			name = "Library(Leo)";
			productName = Library;
			productReference = D5E003B9073298FC00594182 /* libRBSplitView(Leo).a */;
			productType = "com.apple.product-type.library.static";
		};
		D5EA8A08074CF5AB00AE807E /* SampleApp(Leo) */ = {
			isa = PBXNativeTarget;
			buildConfigurationList = D50F206708A01A630073A261 /* Build configuration list for PBXNativeTarget "SampleApp(Leo)" */;
			buildPhases = (
				D5EA8A05074CF5AB00AE807E /* Resources */,
				D5EA8A06074CF5AB00AE807E /* Sources */,
				D5EA8A07074CF5AB00AE807E /* Frameworks */,
				D5EA8A6F074D0CAE00AE807E /* CopyFiles */,
			);
			buildRules = (
			);
			dependencies = (
				D575539D1082D7C9008B2348 /* PBXTargetDependency */,
				D5EEF73B081B248100A04CA7 /* PBXTargetDependency */,
			);
			name = "SampleApp(Leo)";
			productName = SampleApp;
			productReference = D5EA8A09074CF5AB00AE807E /* SampleApp(Leo).app */;
			productType = "com.apple.product-type.application";
		};
/* End PBXNativeTarget section */

/* Begin PBXProject section */
		0259C573FE90428111CA0C5A /* Project object */ = {
			isa = PBXProject;
			attributes = {
				ORGANIZATIONNAME = "Rainer Brockerhoff";
			};
			buildConfigurationList = D50F206F08A01A630073A261 /* Build configuration list for PBXProject "RBSplitView" */;
			compatibilityVersion = "Xcode 3.1";
			hasScannedForEncodings = 1;
			mainGroup = 0259C574FE90428111CA0C5A /* RBSplitView */;
			projectDirPath = "";
			projectRoot = "";
			targets = (
				D5E003C5073299CB00594182 /* Build for Leo */,
				D5E002A007328E1100594182 /* Framework(Leo) */,
				8D1AC9600486D14A00FE50C9 /* IBPlugin(Leo) */,
				D5E003B8073298FC00594182 /* Library(Leo) */,
				D5EA8A08074CF5AB00AE807E /* SampleApp(Leo) */,
				D57553891082D7BC008B2348 /* SampleApp(LeoGC) */,
				D57553A11082D85C008B2348 /* Build for Sno */,
				D57553CE1082D9DA008B2348 /* Framework(Sno) */,
				D57553E21082DA31008B2348 /* IBPlugin(Sno) */,
				D575526A1081C668008B2348 /* Library(Sno) */,
				D57552A41081CB10008B2348 /* SampleApp(Sno) */,
				D57552CA1081D325008B2348 /* SampleApp(SnoGC) */,
			);
		};
/* End PBXProject section */

/* Begin PBXResourcesBuildPhase section */
		8D1AC9660486D14A00FE50C9 /* Resources */ = {
			isa = PBXResourcesBuildPhase;
			buildActionMask = 2147483647;
			files = (
				D53539A6072D6E5500C2C058 /* Thumb8.png in Resources */,
				D51D05F507FF2A55001EE379 /* RBSplitSubview.classdescription in Resources */,
				D51D05FC07FF2B2E001EE379 /* RBSplitView.classdescription in Resources */,
				D5C962B2082D0B1500D90A28 /* Thumb9.png in Resources */,
				D52683970B61A29A009B7E9D /* RBSplitViewPlugin.icns in Resources */,
				D51189BF108E8C910074C31C /* RBSplitSubviewInspector.xib in Resources */,
				D51189C0108E8C910074C31C /* RBSplitSubviewSizeInspector.xib in Resources */,
				D51189C1108E8C910074C31C /* RBSplitViewInspector.xib in Resources */,
				D51189C2108E8C910074C31C /* RBSplitViewPlugin.xib in Resources */,
				D51189C3108E8C910074C31C /* RBSplitViewPreferences.xib in Resources */,
				D5118C2D109297A00074C31C /* RBSplitView.png in Resources */,
			);
			runOnlyForDeploymentPostprocessing = 0;
		};
		D57552A11081CB10008B2348 /* Resources */ = {
			isa = PBXResourcesBuildPhase;
			buildActionMask = 2147483647;
			files = (
				D57552B31081CC04008B2348 /* Drag.png in Resources */,
				D5118C841092E1B50074C31C /* SampleApp.nib in Resources */,
			);
			runOnlyForDeploymentPostprocessing = 0;
		};
		D57552CB1081D325008B2348 /* Resources */ = {
			isa = PBXResourcesBuildPhase;
			buildActionMask = 2147483647;
			files = (
				D57552CD1081D325008B2348 /* Drag.png in Resources */,
				D5118C861092E1B50074C31C /* SampleApp.nib in Resources */,
			);
			runOnlyForDeploymentPostprocessing = 0;
		};
		D575538C1082D7BC008B2348 /* Resources */ = {
			isa = PBXResourcesBuildPhase;
			buildActionMask = 2147483647;
			files = (
				D575538E1082D7BC008B2348 /* Drag.png in Resources */,
				D5118C831092E1B50074C31C /* SampleApp.nib in Resources */,
			);
			runOnlyForDeploymentPostprocessing = 0;
		};
		D57553D01082D9DA008B2348 /* Resources */ = {
			isa = PBXResourcesBuildPhase;
			buildActionMask = 2147483647;
			files = (
			);
			runOnlyForDeploymentPostprocessing = 0;
		};
		D57553E51082DA31008B2348 /* Resources */ = {
			isa = PBXResourcesBuildPhase;
			buildActionMask = 2147483647;
			files = (
				D57553E81082DA31008B2348 /* Thumb8.png in Resources */,
				D57553E91082DA31008B2348 /* RBSplitSubview.classdescription in Resources */,
				D57553EA1082DA31008B2348 /* RBSplitView.classdescription in Resources */,
				D57553EB1082DA31008B2348 /* Thumb9.png in Resources */,
				D57553EC1082DA31008B2348 /* RBSplitViewPlugin.icns in Resources */,
				D51189C4108E8C910074C31C /* RBSplitSubviewInspector.xib in Resources */,
				D51189C5108E8C910074C31C /* RBSplitSubviewSizeInspector.xib in Resources */,
				D51189C6108E8C910074C31C /* RBSplitViewInspector.xib in Resources */,
				D51189C7108E8C910074C31C /* RBSplitViewPlugin.xib in Resources */,
				D51189C8108E8C910074C31C /* RBSplitViewPreferences.xib in Resources */,
				D5118C2E109297A00074C31C /* RBSplitView.png in Resources */,
			);
			runOnlyForDeploymentPostprocessing = 0;
		};
		D5E0029D07328E1100594182 /* Resources */ = {
			isa = PBXResourcesBuildPhase;
			buildActionMask = 2147483647;
			files = (
			);
			runOnlyForDeploymentPostprocessing = 0;
		};
		D5EA8A05074CF5AB00AE807E /* Resources */ = {
			isa = PBXResourcesBuildPhase;
			buildActionMask = 2147483647;
			files = (
				D5AB90AE081330A100734816 /* Drag.png in Resources */,
				D5118C851092E1B50074C31C /* SampleApp.nib in Resources */,
			);
			runOnlyForDeploymentPostprocessing = 0;
		};
/* End PBXResourcesBuildPhase section */

/* Begin PBXSourcesBuildPhase section */
		8D1AC96A0486D14A00FE50C9 /* Sources */ = {
			isa = PBXSourcesBuildPhase;
			buildActionMask = 2147483647;
			files = (
				8D1AC96D0486D14A00FE50C9 /* RBSplitViewPlugin.m in Sources */,
			);
			runOnlyForDeploymentPostprocessing = 0;
		};
		D57552681081C668008B2348 /* Sources */ = {
			isa = PBXSourcesBuildPhase;
			buildActionMask = 2147483647;
			files = (
				D57552741081C6F1008B2348 /* RBSplitSubview.m in Sources */,
				D57552751081C6F2008B2348 /* RBSplitView.m in Sources */,
			);
			runOnlyForDeploymentPostprocessing = 0;
		};
		D57552A21081CB10008B2348 /* Sources */ = {
			isa = PBXSourcesBuildPhase;
			buildActionMask = 2147483647;
			files = (
				D57552B21081CC03008B2348 /* main.m in Sources */,
			);
			runOnlyForDeploymentPostprocessing = 0;
		};
		D57552CE1081D325008B2348 /* Sources */ = {
			isa = PBXSourcesBuildPhase;
			buildActionMask = 2147483647;
			files = (
				D57552CF1081D325008B2348 /* main.m in Sources */,
			);
			runOnlyForDeploymentPostprocessing = 0;
		};
		D575538F1082D7BC008B2348 /* Sources */ = {
			isa = PBXSourcesBuildPhase;
			buildActionMask = 2147483647;
			files = (
				D57553901082D7BC008B2348 /* main.m in Sources */,
			);
			runOnlyForDeploymentPostprocessing = 0;
		};
		D57553D11082D9DA008B2348 /* Sources */ = {
			isa = PBXSourcesBuildPhase;
			buildActionMask = 2147483647;
			files = (
				D57553D21082D9DA008B2348 /* RBSplitSubview.m in Sources */,
				D57553D31082D9DA008B2348 /* RBSplitView.m in Sources */,
			);
			runOnlyForDeploymentPostprocessing = 0;
		};
		D57553EE1082DA31008B2348 /* Sources */ = {
			isa = PBXSourcesBuildPhase;
			buildActionMask = 2147483647;
			files = (
				D57553EF1082DA31008B2348 /* RBSplitViewPlugin.m in Sources */,
			);
			runOnlyForDeploymentPostprocessing = 0;
		};
		D5E0029E07328E1100594182 /* Sources */ = {
			isa = PBXSourcesBuildPhase;
			buildActionMask = 2147483647;
			files = (
				D57553771082D51B008B2348 /* RBSplitSubview.m in Sources */,
				D57553781082D51D008B2348 /* RBSplitView.m in Sources */,
			);
			runOnlyForDeploymentPostprocessing = 0;
		};
		D5E003B6073298FC00594182 /* Sources */ = {
			isa = PBXSourcesBuildPhase;
			buildActionMask = 2147483647;
			files = (
				D5E003BA0732994400594182 /* RBSplitView.m in Sources */,
				D5EA8B8D074E9C5500AE807E /* RBSplitSubview.m in Sources */,
			);
			runOnlyForDeploymentPostprocessing = 0;
		};
		D5EA8A06074CF5AB00AE807E /* Sources */ = {
			isa = PBXSourcesBuildPhase;
			buildActionMask = 2147483647;
			files = (
				D5EA8A30074CF6DE00AE807E /* main.m in Sources */,
			);
			runOnlyForDeploymentPostprocessing = 0;
		};
/* End PBXSourcesBuildPhase section */

/* Begin PBXTargetDependency section */
		D5088C770C5FCB2300D09DE1 /* PBXTargetDependency */ = {
			isa = PBXTargetDependency;
			target = D5E002A007328E1100594182 /* Framework(Leo) */;
			targetProxy = D5088C760C5FCB2300D09DE1 /* PBXContainerItemProxy */;
		};
		D57553061081D7DD008B2348 /* PBXTargetDependency */ = {
			isa = PBXTargetDependency;
			target = D575526A1081C668008B2348 /* Library(Sno) */;
			targetProxy = D57553051081D7DD008B2348 /* PBXContainerItemProxy */;
		};
		D57553081081D7E8008B2348 /* PBXTargetDependency */ = {
			isa = PBXTargetDependency;
			target = D575526A1081C668008B2348 /* Library(Sno) */;
			targetProxy = D57553071081D7E8008B2348 /* PBXContainerItemProxy */;
		};
		D575538A1082D7BC008B2348 /* PBXTargetDependency */ = {
			isa = PBXTargetDependency;
			target = D5E003B8073298FC00594182 /* Library(Leo) */;
			targetProxy = D575538B1082D7BC008B2348 /* PBXContainerItemProxy */;
		};
		D575539D1082D7C9008B2348 /* PBXTargetDependency */ = {
			isa = PBXTargetDependency;
			target = D57553891082D7BC008B2348 /* SampleApp(LeoGC) */;
			targetProxy = D575539C1082D7C9008B2348 /* PBXContainerItemProxy */;
		};
		D57553A61082D863008B2348 /* PBXTargetDependency */ = {
			isa = PBXTargetDependency;
			target = D575526A1081C668008B2348 /* Library(Sno) */;
			targetProxy = D57553A51082D863008B2348 /* PBXContainerItemProxy */;
		};
		D57553A81082D86A008B2348 /* PBXTargetDependency */ = {
			isa = PBXTargetDependency;
			target = D57552A41081CB10008B2348 /* SampleApp(Sno) */;
			targetProxy = D57553A71082D86A008B2348 /* PBXContainerItemProxy */;
		};
		D57553AA1082D86C008B2348 /* PBXTargetDependency */ = {
			isa = PBXTargetDependency;
			target = D57552CA1081D325008B2348 /* SampleApp(SnoGC) */;
			targetProxy = D57553A91082D86C008B2348 /* PBXContainerItemProxy */;
		};
		D57553DE1082DA18008B2348 /* PBXTargetDependency */ = {
			isa = PBXTargetDependency;
			target = D57553CE1082D9DA008B2348 /* Framework(Sno) */;
			targetProxy = D57553DD1082DA18008B2348 /* PBXContainerItemProxy */;
		};
		D57553FA1082DA38008B2348 /* PBXTargetDependency */ = {
			isa = PBXTargetDependency;
			target = D57553E21082DA31008B2348 /* IBPlugin(Sno) */;
			targetProxy = D57553F91082DA38008B2348 /* PBXContainerItemProxy */;
		};
		D57554D710830FB3008B2348 /* PBXTargetDependency */ = {
			isa = PBXTargetDependency;
			target = D57553CE1082D9DA008B2348 /* Framework(Sno) */;
			targetProxy = D57554D610830FB3008B2348 /* PBXContainerItemProxy */;
		};
		D5E003C7073299E100594182 /* PBXTargetDependency */ = {
			isa = PBXTargetDependency;
			target = 8D1AC9600486D14A00FE50C9 /* IBPlugin(Leo) */;
			targetProxy = D5E003C6073299E100594182 /* PBXContainerItemProxy */;
		};
		D5E003C9073299E100594182 /* PBXTargetDependency */ = {
			isa = PBXTargetDependency;
			target = D5E002A007328E1100594182 /* Framework(Leo) */;
			targetProxy = D5E003C8073299E100594182 /* PBXContainerItemProxy */;
		};
		D5E003CB073299E100594182 /* PBXTargetDependency */ = {
			isa = PBXTargetDependency;
			target = D5E003B8073298FC00594182 /* Library(Leo) */;
			targetProxy = D5E003CA073299E100594182 /* PBXContainerItemProxy */;
		};
		D5EA8B39074E3D1E00AE807E /* PBXTargetDependency */ = {
			isa = PBXTargetDependency;
			target = D5EA8A08074CF5AB00AE807E /* SampleApp(Leo) */;
			targetProxy = D5EA8B38074E3D1E00AE807E /* PBXContainerItemProxy */;
		};
		D5EEF73B081B248100A04CA7 /* PBXTargetDependency */ = {
			isa = PBXTargetDependency;
			target = D5E003B8073298FC00594182 /* Library(Leo) */;
			targetProxy = D5EEF73A081B248100A04CA7 /* PBXContainerItemProxy */;
		};
/* End PBXTargetDependency section */

/* Begin PBXVariantGroup section */
		D51189B5108E8C910074C31C /* RBSplitSubviewInspector.xib */ = {
			isa = PBXVariantGroup;
			children = (
				D51189B6108E8C910074C31C /* English */,
			);
			name = RBSplitSubviewInspector.xib;
			sourceTree = "<group>";
		};
		D51189B7108E8C910074C31C /* RBSplitSubviewSizeInspector.xib */ = {
			isa = PBXVariantGroup;
			children = (
				D51189B8108E8C910074C31C /* English */,
			);
			name = RBSplitSubviewSizeInspector.xib;
			sourceTree = "<group>";
		};
		D51189B9108E8C910074C31C /* RBSplitViewInspector.xib */ = {
			isa = PBXVariantGroup;
			children = (
				D51189BA108E8C910074C31C /* English */,
			);
			name = RBSplitViewInspector.xib;
			sourceTree = "<group>";
		};
		D51189BB108E8C910074C31C /* RBSplitViewPlugin.xib */ = {
			isa = PBXVariantGroup;
			children = (
				D51189BC108E8C910074C31C /* English */,
			);
			name = RBSplitViewPlugin.xib;
			sourceTree = "<group>";
		};
		D51189BD108E8C910074C31C /* RBSplitViewPreferences.xib */ = {
			isa = PBXVariantGroup;
			children = (
				D51189BE108E8C910074C31C /* English */,
			);
			name = RBSplitViewPreferences.xib;
			sourceTree = "<group>";
		};
		D5118C811092E1B50074C31C /* SampleApp.nib */ = {
			isa = PBXVariantGroup;
			children = (
				D5118C821092E1B50074C31C /* English */,
			);
			name = SampleApp.nib;
			sourceTree = "<group>";
		};
/* End PBXVariantGroup section */

/* Begin XCBuildConfiguration section */
		D50F205C08A01A630073A261 /* Debug */ = {
			isa = XCBuildConfiguration;
			baseConfigurationReference = D508879A0AA1D2A100F4ECB3 /* RB.xcconfig */;
			buildSettings = {
				ARCHS = "$(ARCHS_STANDARD_32_BIT)";
				GCC_ENABLE_OBJC_GC = supported;
				PRODUCT_NAME = "RBSplitView(Leo)";
				SDKROOT = macosx10.5;
			};
			name = Debug;
		};
		D50F205D08A01A630073A261 /* Release */ = {
			isa = XCBuildConfiguration;
			baseConfigurationReference = D508879A0AA1D2A100F4ECB3 /* RB.xcconfig */;
			buildSettings = {
				ARCHS = "$(ARCHS_STANDARD_32_BIT)";
				GCC_ENABLE_OBJC_GC = supported;
				PRODUCT_NAME = "RBSplitView(Leo)";
				SDKROOT = macosx10.5;
			};
			name = Release;
		};
		D50F206008A01A630073A261 /* Debug */ = {
			isa = XCBuildConfiguration;
			baseConfigurationReference = D508879A0AA1D2A100F4ECB3 /* RB.xcconfig */;
			buildSettings = {
				ARCHS = "$(ARCHS_STANDARD_32_BIT)";
				FRAMEWORK_SEARCH_PATHS = (
					"$(inherited)",
					"\"$(DEVELOPER_FRAMEWORKS_DIR)\"",
				);
				INFOPLIST_FILE = "Plugin/Plugin-Info.plist";
				LIBRARY_STYLE = BUNDLE;
				PRODUCT_NAME = "RBSplitView(Leo)";
				SDKROOT = macosx10.5;
				WRAPPER_EXTENSION = ibplugin;
			};
			name = Debug;
		};
		D50F206108A01A630073A261 /* Release */ = {
			isa = XCBuildConfiguration;
			baseConfigurationReference = D508879A0AA1D2A100F4ECB3 /* RB.xcconfig */;
			buildSettings = {
				ARCHS = "$(ARCHS_STANDARD_32_BIT)";
				FRAMEWORK_SEARCH_PATHS = (
					"$(inherited)",
					"\"$(DEVELOPER_FRAMEWORKS_DIR)\"",
				);
				INFOPLIST_FILE = "Plugin/Plugin-Info.plist";
				LIBRARY_STYLE = BUNDLE;
				PRODUCT_NAME = "RBSplitView(Leo)";
				SDKROOT = macosx10.5;
				WRAPPER_EXTENSION = ibplugin;
			};
			name = Release;
		};
		D50F206408A01A630073A261 /* Debug */ = {
			isa = XCBuildConfiguration;
			baseConfigurationReference = D508879A0AA1D2A100F4ECB3 /* RB.xcconfig */;
			buildSettings = {
				ARCHS = "$(ARCHS_STANDARD_32_BIT)";
				DYLIB_COMPATIBILITY_VERSION = 1;
				DYLIB_CURRENT_VERSION = 1;
				FRAMEWORK_VERSION = A;
				GCC_ENABLE_OBJC_GC = supported;
				INFOPLIST_FILE = "Source/Framework-Info.plist";
				INSTALL_PATH = "@executable_path/../Frameworks";
				PRODUCT_NAME = "RBSplitView(Leo)";
				SDKROOT = macosx10.5;
				WRAPPER_EXTENSION = framework;
			};
			name = Debug;
		};
		D50F206508A01A630073A261 /* Release */ = {
			isa = XCBuildConfiguration;
			baseConfigurationReference = D508879A0AA1D2A100F4ECB3 /* RB.xcconfig */;
			buildSettings = {
				ARCHS = "$(ARCHS_STANDARD_32_BIT)";
				DYLIB_COMPATIBILITY_VERSION = 1;
				DYLIB_CURRENT_VERSION = 1;
				FRAMEWORK_VERSION = A;
				GCC_ENABLE_OBJC_GC = supported;
				INFOPLIST_FILE = "Source/Framework-Info.plist";
				INSTALL_PATH = "@executable_path/../Frameworks";
				PRODUCT_NAME = "RBSplitView(Leo)";
				SDKROOT = macosx10.5;
				WRAPPER_EXTENSION = framework;
			};
			name = Release;
		};
		D50F206808A01A630073A261 /* Debug */ = {
			isa = XCBuildConfiguration;
			baseConfigurationReference = D508879A0AA1D2A100F4ECB3 /* RB.xcconfig */;
			buildSettings = {
				ARCHS = "$(ARCHS_STANDARD_32_BIT)";
				INFOPLIST_FILE = "Sample App/SampleApp-Info.plist";
				PRODUCT_NAME = "SampleApp(Leo)";
				SDKROOT = macosx10.5;
			};
			name = Debug;
		};
		D50F206908A01A630073A261 /* Release */ = {
			isa = XCBuildConfiguration;
			baseConfigurationReference = D508879A0AA1D2A100F4ECB3 /* RB.xcconfig */;
			buildSettings = {
				ARCHS = "$(ARCHS_STANDARD_32_BIT)";
				INFOPLIST_FILE = "Sample App/SampleApp-Info.plist";
				PRODUCT_NAME = "SampleApp(Leo)";
				SDKROOT = macosx10.5;
			};
			name = Release;
		};
		D50F206C08A01A630073A261 /* Debug */ = {
			isa = XCBuildConfiguration;
			buildSettings = {
				COPY_PHASE_STRIP = NO;
				PRODUCT_NAME = "Build All";
			};
			name = Debug;
		};
		D50F206D08A01A630073A261 /* Release */ = {
			isa = XCBuildConfiguration;
			buildSettings = {
				PRODUCT_NAME = "Build All";
			};
			name = Release;
		};
		D50F207008A01A630073A261 /* Debug */ = {
			isa = XCBuildConfiguration;
			baseConfigurationReference = D508879A0AA1D2A100F4ECB3 /* RB.xcconfig */;
			buildSettings = {
				GCC_OPTIMIZATION_LEVEL = 0;
				GCC_VERSION = com.apple.compilers.llvm.clang.1_0;
				PRODUCT_NAME = RBSplitView;
			};
			name = Debug;
		};
		D50F207108A01A630073A261 /* Release */ = {
			isa = XCBuildConfiguration;
			baseConfigurationReference = D508879A0AA1D2A100F4ECB3 /* RB.xcconfig */;
			buildSettings = {
				GCC_GENERATE_DEBUGGING_SYMBOLS = NO;
				GCC_OPTIMIZATION_LEVEL = s;
				PRODUCT_NAME = RBSplitView;
			};
			name = Release;
		};
		D575526D1081C669008B2348 /* Debug */ = {
			isa = XCBuildConfiguration;
			baseConfigurationReference = D508879A0AA1D2A100F4ECB3 /* RB.xcconfig */;
			buildSettings = {
				ARCHS = "$(ARCHS_STANDARD_32_64_BIT)";
				GCC_ENABLE_OBJC_GC = supported;
				PRODUCT_NAME = "RBSplitView(Sno)";
				SDKROOT = macosx10.6;
			};
			name = Debug;
		};
		D575526E1081C669008B2348 /* Release */ = {
			isa = XCBuildConfiguration;
			baseConfigurationReference = D508879A0AA1D2A100F4ECB3 /* RB.xcconfig */;
			buildSettings = {
				ARCHS = "$(ARCHS_STANDARD_32_64_BIT)";
				GCC_ENABLE_OBJC_GC = supported;
				PRODUCT_NAME = "RBSplitView(Sno)";
				SDKROOT = macosx10.6;
			};
			name = Release;
		};
		D57552A91081CB11008B2348 /* Debug */ = {
			isa = XCBuildConfiguration;
			baseConfigurationReference = D508879A0AA1D2A100F4ECB3 /* RB.xcconfig */;
			buildSettings = {
				ARCHS = "$(ARCHS_STANDARD_32_64_BIT)";
				INFOPLIST_FILE = "Sample App/SampleApp-Info.plist";
				PRODUCT_NAME = "SampleApp(Sno)";
				SDKROOT = macosx10.6;
			};
			name = Debug;
		};
		D57552AA1081CB11008B2348 /* Release */ = {
			isa = XCBuildConfiguration;
			baseConfigurationReference = D508879A0AA1D2A100F4ECB3 /* RB.xcconfig */;
			buildSettings = {
				ARCHS = "$(ARCHS_STANDARD_32_64_BIT)";
				INFOPLIST_FILE = "Sample App/SampleApp-Info.plist";
				PRODUCT_NAME = "SampleApp(Sno)";
				SDKROOT = macosx10.6;
			};
			name = Release;
		};
		D57552D41081D325008B2348 /* Debug */ = {
			isa = XCBuildConfiguration;
			baseConfigurationReference = D508879A0AA1D2A100F4ECB3 /* RB.xcconfig */;
			buildSettings = {
				ARCHS = "$(ARCHS_STANDARD_32_64_BIT)";
				GCC_ENABLE_OBJC_GC = required;
				INFOPLIST_FILE = "Sample App/SampleApp-Info.plist";
				PRODUCT_NAME = "SampleApp(SnoGC)";
				SDKROOT = macosx10.6;
			};
			name = Debug;
		};
		D57552D51081D325008B2348 /* Release */ = {
			isa = XCBuildConfiguration;
			baseConfigurationReference = D508879A0AA1D2A100F4ECB3 /* RB.xcconfig */;
			buildSettings = {
				ARCHS = "$(ARCHS_STANDARD_32_64_BIT)";
				GCC_ENABLE_OBJC_GC = required;
				INFOPLIST_FILE = "Sample App/SampleApp-Info.plist";
				PRODUCT_NAME = "SampleApp(SnoGC)";
				SDKROOT = macosx10.6;
			};
			name = Release;
		};
		D57553961082D7BC008B2348 /* Debug */ = {
			isa = XCBuildConfiguration;
			baseConfigurationReference = D508879A0AA1D2A100F4ECB3 /* RB.xcconfig */;
			buildSettings = {
				ARCHS = "$(ARCHS_STANDARD_32_BIT)";
				GCC_ENABLE_OBJC_GC = required;
				INFOPLIST_FILE = "Sample App/SampleApp-Info.plist";
				PRODUCT_NAME = "SampleApp(LeoGC)";
				SDKROOT = macosx10.5;
			};
			name = Debug;
		};
		D57553971082D7BC008B2348 /* Release */ = {
			isa = XCBuildConfiguration;
			baseConfigurationReference = D508879A0AA1D2A100F4ECB3 /* RB.xcconfig */;
			buildSettings = {
				ARCHS = "$(ARCHS_STANDARD_32_BIT)";
				GCC_ENABLE_OBJC_GC = required;
				INFOPLIST_FILE = "Sample App/SampleApp-Info.plist";
				PRODUCT_NAME = "SampleApp(LeoGC)";
				SDKROOT = macosx10.5;
			};
			name = Release;
		};
		D57553A31082D85C008B2348 /* Debug */ = {
			isa = XCBuildConfiguration;
			buildSettings = {
				COPY_PHASE_STRIP = NO;
				GCC_DYNAMIC_NO_PIC = NO;
				GCC_OPTIMIZATION_LEVEL = 0;
				PRODUCT_NAME = "Build for Sno";
			};
			name = Debug;
		};
		D57553A41082D85C008B2348 /* Release */ = {
			isa = XCBuildConfiguration;
			buildSettings = {
				COPY_PHASE_STRIP = YES;
				DEBUG_INFORMATION_FORMAT = "dwarf-with-dsym";
				GCC_ENABLE_FIX_AND_CONTINUE = NO;
				PRODUCT_NAME = "Build for Sno";
				ZERO_LINK = NO;
			};
			name = Release;
		};
		D57553D71082D9DA008B2348 /* Debug */ = {
			isa = XCBuildConfiguration;
			baseConfigurationReference = D508879A0AA1D2A100F4ECB3 /* RB.xcconfig */;
			buildSettings = {
				ARCHS = "$(ARCHS_STANDARD_32_64_BIT)";
				DYLIB_COMPATIBILITY_VERSION = 1;
				DYLIB_CURRENT_VERSION = 1;
				FRAMEWORK_VERSION = A;
				GCC_ENABLE_OBJC_GC = supported;
				INFOPLIST_FILE = "Source/Framework-Info.plist";
				INSTALL_PATH = "@loader_path/../Frameworks";
				PRODUCT_NAME = "RBSplitView(Sno)";
				SDKROOT = macosx10.6;
				WRAPPER_EXTENSION = framework;
			};
			name = Debug;
		};
		D57553D81082D9DA008B2348 /* Release */ = {
			isa = XCBuildConfiguration;
			baseConfigurationReference = D508879A0AA1D2A100F4ECB3 /* RB.xcconfig */;
			buildSettings = {
				ARCHS = "$(ARCHS_STANDARD_32_64_BIT)";
				DYLIB_COMPATIBILITY_VERSION = 1;
				DYLIB_CURRENT_VERSION = 1;
				FRAMEWORK_VERSION = A;
				GCC_ENABLE_OBJC_GC = supported;
				INFOPLIST_FILE = "Source/Framework-Info.plist";
				INSTALL_PATH = "@loader_path/../Frameworks";
				PRODUCT_NAME = "RBSplitView(Sno)";
				SDKROOT = macosx10.6;
				WRAPPER_EXTENSION = framework;
			};
			name = Release;
		};
		D57553F51082DA31008B2348 /* Debug */ = {
			isa = XCBuildConfiguration;
			baseConfigurationReference = D508879A0AA1D2A100F4ECB3 /* RB.xcconfig */;
			buildSettings = {
				ARCHS = "$(ARCHS_STANDARD_32_64_BIT)";
				FRAMEWORK_SEARCH_PATHS = (
					"$(inherited)",
					"\"$(DEVELOPER_FRAMEWORKS_DIR)\"",
				);
				GCC_ENABLE_OBJC_GC = supported;
				INFOPLIST_FILE = "Plugin/Plugin-Info.plist";
				LIBRARY_STYLE = BUNDLE;
				PRODUCT_NAME = "RBSplitView(Sno)";
				SDKROOT = macosx10.6;
				WRAPPER_EXTENSION = ibplugin;
			};
			name = Debug;
		};
		D57553F61082DA31008B2348 /* Release */ = {
			isa = XCBuildConfiguration;
			baseConfigurationReference = D508879A0AA1D2A100F4ECB3 /* RB.xcconfig */;
			buildSettings = {
				ARCHS = "$(ARCHS_STANDARD_32_64_BIT)";
				FRAMEWORK_SEARCH_PATHS = (
					"$(inherited)",
					"\"$(DEVELOPER_FRAMEWORKS_DIR)\"",
				);
				GCC_ENABLE_OBJC_GC = supported;
				INFOPLIST_FILE = "Plugin/Plugin-Info.plist";
				LIBRARY_STYLE = BUNDLE;
				PRODUCT_NAME = "RBSplitView(Sno)";
				SDKROOT = macosx10.6;
				WRAPPER_EXTENSION = ibplugin;
			};
			name = Release;
		};
/* End XCBuildConfiguration section */

/* Begin XCConfigurationList section */
		D50F205B08A01A630073A261 /* Build configuration list for PBXNativeTarget "Library(Leo)" */ = {
			isa = XCConfigurationList;
			buildConfigurations = (
				D50F205C08A01A630073A261 /* Debug */,
				D50F205D08A01A630073A261 /* Release */,
			);
			defaultConfigurationIsVisible = 0;
			defaultConfigurationName = Release;
		};
		D50F205F08A01A630073A261 /* Build configuration list for PBXNativeTarget "IBPlugin(Leo)" */ = {
			isa = XCConfigurationList;
			buildConfigurations = (
				D50F206008A01A630073A261 /* Debug */,
				D50F206108A01A630073A261 /* Release */,
			);
			defaultConfigurationIsVisible = 0;
			defaultConfigurationName = Release;
		};
		D50F206308A01A630073A261 /* Build configuration list for PBXNativeTarget "Framework(Leo)" */ = {
			isa = XCConfigurationList;
			buildConfigurations = (
				D50F206408A01A630073A261 /* Debug */,
				D50F206508A01A630073A261 /* Release */,
			);
			defaultConfigurationIsVisible = 0;
			defaultConfigurationName = Release;
		};
		D50F206708A01A630073A261 /* Build configuration list for PBXNativeTarget "SampleApp(Leo)" */ = {
			isa = XCConfigurationList;
			buildConfigurations = (
				D50F206808A01A630073A261 /* Debug */,
				D50F206908A01A630073A261 /* Release */,
			);
			defaultConfigurationIsVisible = 0;
			defaultConfigurationName = Release;
		};
		D50F206B08A01A630073A261 /* Build configuration list for PBXAggregateTarget "Build for Leo" */ = {
			isa = XCConfigurationList;
			buildConfigurations = (
				D50F206C08A01A630073A261 /* Debug */,
				D50F206D08A01A630073A261 /* Release */,
			);
			defaultConfigurationIsVisible = 0;
			defaultConfigurationName = Release;
		};
		D50F206F08A01A630073A261 /* Build configuration list for PBXProject "RBSplitView" */ = {
			isa = XCConfigurationList;
			buildConfigurations = (
				D50F207008A01A630073A261 /* Debug */,
				D50F207108A01A630073A261 /* Release */,
			);
			defaultConfigurationIsVisible = 0;
			defaultConfigurationName = Release;
		};
		D575527A1081C711008B2348 /* Build configuration list for PBXNativeTarget "Library(Sno)" */ = {
			isa = XCConfigurationList;
			buildConfigurations = (
				D575526D1081C669008B2348 /* Debug */,
				D575526E1081C669008B2348 /* Release */,
			);
			defaultConfigurationIsVisible = 0;
			defaultConfigurationName = Release;
		};
		D57552AB1081CB11008B2348 /* Build configuration list for PBXNativeTarget "SampleApp(Sno)" */ = {
			isa = XCConfigurationList;
			buildConfigurations = (
				D57552A91081CB11008B2348 /* Debug */,
				D57552AA1081CB11008B2348 /* Release */,
			);
			defaultConfigurationIsVisible = 0;
			defaultConfigurationName = Release;
		};
		D57552D31081D325008B2348 /* Build configuration list for PBXNativeTarget "SampleApp(SnoGC)" */ = {
			isa = XCConfigurationList;
			buildConfigurations = (
				D57552D41081D325008B2348 /* Debug */,
				D57552D51081D325008B2348 /* Release */,
			);
			defaultConfigurationIsVisible = 0;
			defaultConfigurationName = Release;
		};
		D57553951082D7BC008B2348 /* Build configuration list for PBXNativeTarget "SampleApp(LeoGC)" */ = {
			isa = XCConfigurationList;
			buildConfigurations = (
				D57553961082D7BC008B2348 /* Debug */,
				D57553971082D7BC008B2348 /* Release */,
			);
			defaultConfigurationIsVisible = 0;
			defaultConfigurationName = Release;
		};
		D57553B51082D8C2008B2348 /* Build configuration list for PBXAggregateTarget "Build for Sno" */ = {
			isa = XCConfigurationList;
			buildConfigurations = (
				D57553A31082D85C008B2348 /* Debug */,
				D57553A41082D85C008B2348 /* Release */,
			);
			defaultConfigurationIsVisible = 0;
			defaultConfigurationName = Release;
		};
		D57553D61082D9DA008B2348 /* Build configuration list for PBXNativeTarget "Framework(Sno)" */ = {
			isa = XCConfigurationList;
			buildConfigurations = (
				D57553D71082D9DA008B2348 /* Debug */,
				D57553D81082D9DA008B2348 /* Release */,
			);
			defaultConfigurationIsVisible = 0;
			defaultConfigurationName = Release;
		};
		D57553F41082DA31008B2348 /* Build configuration list for PBXNativeTarget "IBPlugin(Sno)" */ = {
			isa = XCConfigurationList;
			buildConfigurations = (
				D57553F51082DA31008B2348 /* Debug */,
				D57553F61082DA31008B2348 /* Release */,
			);
			defaultConfigurationIsVisible = 0;
			defaultConfigurationName = Release;
		};
/* End XCConfigurationList section */
	};
	rootObject = 0259C573FE90428111CA0C5A /* Project object */;
}
